// !$*UTF8*$!
{
	archiveVersion = 1;
	classes = {
	};
	objectVersion = 48;
	objects = {

/* Begin PBXBuildFile section */
		59055D181FC573970004A040 /* AppDelegate.swift in Sources */ = {isa = PBXBuildFile; fileRef = 59055D171FC573970004A040 /* AppDelegate.swift */; };
		59055D1A1FC573970004A040 /* ViewController.swift in Sources */ = {isa = PBXBuildFile; fileRef = 59055D191FC573970004A040 /* ViewController.swift */; };
		59055D1D1FC573970004A040 /* Main.storyboard in Resources */ = {isa = PBXBuildFile; fileRef = 59055D1B1FC573970004A040 /* Main.storyboard */; };
		59055D1F1FC573970004A040 /* Assets.xcassets in Resources */ = {isa = PBXBuildFile; fileRef = 59055D1E1FC573970004A040 /* Assets.xcassets */; };
		59055D221FC573970004A040 /* LaunchScreen.storyboard in Resources */ = {isa = PBXBuildFile; fileRef = 59055D201FC573970004A040 /* LaunchScreen.storyboard */; };
		59055D2A1FC579550004A040 /* GoogleService-Info.plist in Resources */ = {isa = PBXBuildFile; fileRef = 59055D291FC579540004A040 /* GoogleService-Info.plist */; };
		B27ECCBA5F4CDA41F5E7BBCD /* Pods_FirebaseAuthSample.framework in Frameworks */ = {isa = PBXBuildFile; fileRef = E4653E260E9C3FC5E36B79E0 /* Pods_FirebaseAuthSample.framework */; };
/* End PBXBuildFile section */

/* Begin PBXFileReference section */
		59055D141FC573970004A040 /* FirebaseAuthSample.app */ = {isa = PBXFileReference; explicitFileType = wrapper.application; includeInIndex = 0; path = FirebaseAuthSample.app; sourceTree = BUILT_PRODUCTS_DIR; };
		59055D171FC573970004A040 /* AppDelegate.swift */ = {isa = PBXFileReference; lastKnownFileType = sourcecode.swift; path = AppDelegate.swift; sourceTree = "<group>"; };
		59055D191FC573970004A040 /* ViewController.swift */ = {isa = PBXFileReference; lastKnownFileType = sourcecode.swift; path = ViewController.swift; sourceTree = "<group>"; };
		59055D1C1FC573970004A040 /* Base */ = {isa = PBXFileReference; lastKnownFileType = file.storyboard; name = Base; path = Base.lproj/Main.storyboard; sourceTree = "<group>"; };
		59055D1E1FC573970004A040 /* Assets.xcassets */ = {isa = PBXFileReference; lastKnownFileType = folder.assetcatalog; path = Assets.xcassets; sourceTree = "<group>"; };
		59055D211FC573970004A040 /* Base */ = {isa = PBXFileReference; lastKnownFileType = file.storyboard; name = Base; path = Base.lproj/LaunchScreen.storyboard; sourceTree = "<group>"; };
		59055D231FC573970004A040 /* Info.plist */ = {isa = PBXFileReference; lastKnownFileType = text.plist.xml; path = Info.plist; sourceTree = "<group>"; };
		59055D291FC579540004A040 /* GoogleService-Info.plist */ = {isa = PBXFileReference; fileEncoding = 4; lastKnownFileType = text.plist.xml; path = "GoogleService-Info.plist"; sourceTree = "<group>"; };
		8135A1290DAD7D020845A517 /* Pods-FirebaseAuthSample.release.xcconfig */ = {isa = PBXFileReference; includeInIndex = 1; lastKnownFileType = text.xcconfig; name = "Pods-FirebaseAuthSample.release.xcconfig"; path = "Pods/Target Support Files/Pods-FirebaseAuthSample/Pods-FirebaseAuthSample.release.xcconfig"; sourceTree = "<group>"; };
		9616186883BABE99D7BD1FA3 /* Pods-FirebaseAuthSample.debug.xcconfig */ = {isa = PBXFileReference; includeInIndex = 1; lastKnownFileType = text.xcconfig; name = "Pods-FirebaseAuthSample.debug.xcconfig"; path = "Pods/Target Support Files/Pods-FirebaseAuthSample/Pods-FirebaseAuthSample.debug.xcconfig"; sourceTree = "<group>"; };
		E4653E260E9C3FC5E36B79E0 /* Pods_FirebaseAuthSample.framework */ = {isa = PBXFileReference; explicitFileType = wrapper.framework; includeInIndex = 0; path = Pods_FirebaseAuthSample.framework; sourceTree = BUILT_PRODUCTS_DIR; };
/* End PBXFileReference section */

/* Begin PBXFrameworksBuildPhase section */
		59055D111FC573970004A040 /* Frameworks */ = {
			isa = PBXFrameworksBuildPhase;
			buildActionMask = 2147483647;
			files = (
				B27ECCBA5F4CDA41F5E7BBCD /* Pods_FirebaseAuthSample.framework in Frameworks */,
			);
			runOnlyForDeploymentPostprocessing = 0;
		};
/* End PBXFrameworksBuildPhase section */

/* Begin PBXGroup section */
		59055D0B1FC573970004A040 = {
			isa = PBXGroup;
			children = (
				59055D161FC573970004A040 /* FirebaseAuthSample */,
				59055D151FC573970004A040 /* Products */,
				B53349AB5398375949B32C91 /* Pods */,
				F3AD4B1B32D12FB1A51D78B8 /* Frameworks */,
			);
			sourceTree = "<group>";
		};
		59055D151FC573970004A040 /* Products */ = {
			isa = PBXGroup;
			children = (
				59055D141FC573970004A040 /* FirebaseAuthSample.app */,
			);
			name = Products;
			sourceTree = "<group>";
		};
		59055D161FC573970004A040 /* FirebaseAuthSample */ = {
			isa = PBXGroup;
			children = (
				59055D171FC573970004A040 /* AppDelegate.swift */,
				59055D191FC573970004A040 /* ViewController.swift */,
				59055D1B1FC573970004A040 /* Main.storyboard */,
				59055D1E1FC573970004A040 /* Assets.xcassets */,
				59055D201FC573970004A040 /* LaunchScreen.storyboard */,
				59055D231FC573970004A040 /* Info.plist */,
				59055D291FC579540004A040 /* GoogleService-Info.plist */,
			);
			path = FirebaseAuthSample;
			sourceTree = "<group>";
		};
		B53349AB5398375949B32C91 /* Pods */ = {
			isa = PBXGroup;
			children = (
				9616186883BABE99D7BD1FA3 /* Pods-FirebaseAuthSample.debug.xcconfig */,
				8135A1290DAD7D020845A517 /* Pods-FirebaseAuthSample.release.xcconfig */,
			);
			name = Pods;
			sourceTree = "<group>";
		};
		F3AD4B1B32D12FB1A51D78B8 /* Frameworks */ = {
			isa = PBXGroup;
			children = (
				E4653E260E9C3FC5E36B79E0 /* Pods_FirebaseAuthSample.framework */,
			);
			name = Frameworks;
			sourceTree = "<group>";
		};
/* End PBXGroup section */

/* Begin PBXNativeTarget section */
		59055D131FC573970004A040 /* FirebaseAuthSample */ = {
			isa = PBXNativeTarget;
			buildConfigurationList = 59055D261FC573970004A040 /* Build configuration list for PBXNativeTarget "FirebaseAuthSample" */;
			buildPhases = (
				BB7B62127C4A94B96AAA0448 /* [CP] Check Pods Manifest.lock */,
				59055D101FC573970004A040 /* Sources */,
				59055D111FC573970004A040 /* Frameworks */,
				59055D121FC573970004A040 /* Resources */,
				245677BC476FF07754A1C984 /* [CP] Embed Pods Frameworks */,
				5F0308844250BE4C307C8654 /* [CP] Copy Pods Resources */,
			);
			buildRules = (
			);
			dependencies = (
			);
			name = FirebaseAuthSample;
			productName = FirebaseAuthSample;
			productReference = 59055D141FC573970004A040 /* FirebaseAuthSample.app */;
			productType = "com.apple.product-type.application";
		};
/* End PBXNativeTarget section */

/* Begin PBXProject section */
		59055D0C1FC573970004A040 /* Project object */ = {
			isa = PBXProject;
			attributes = {
				LastSwiftUpdateCheck = 0910;
				LastUpgradeCheck = 0910;
				ORGANIZATIONNAME = "Masahiko Sato";
				TargetAttributes = {
					59055D131FC573970004A040 = {
						CreatedOnToolsVersion = 9.1;
						ProvisioningStyle = Automatic;
					};
				};
			};
			buildConfigurationList = 59055D0F1FC573970004A040 /* Build configuration list for PBXProject "FirebaseAuthSample" */;
			compatibilityVersion = "Xcode 8.0";
			developmentRegion = en;
			hasScannedForEncodings = 0;
			knownRegions = (
				en,
				Base,
			);
			mainGroup = 59055D0B1FC573970004A040;
			productRefGroup = 59055D151FC573970004A040 /* Products */;
			projectDirPath = "";
			projectRoot = "";
			targets = (
				59055D131FC573970004A040 /* FirebaseAuthSample */,
			);
		};
/* End PBXProject section */

/* Begin PBXResourcesBuildPhase section */
		59055D121FC573970004A040 /* Resources */ = {
			isa = PBXResourcesBuildPhase;
			buildActionMask = 2147483647;
			files = (
				59055D221FC573970004A040 /* LaunchScreen.storyboard in Resources */,
				59055D2A1FC579550004A040 /* GoogleService-Info.plist in Resources */,
				59055D1F1FC573970004A040 /* Assets.xcassets in Resources */,
				59055D1D1FC573970004A040 /* Main.storyboard in Resources */,
			);
			runOnlyForDeploymentPostprocessing = 0;
		};
/* End PBXResourcesBuildPhase section */

/* Begin PBXShellScriptBuildPhase section */
		245677BC476FF07754A1C984 /* [CP] Embed Pods Frameworks */ = {
			isa = PBXShellScriptBuildPhase;
			buildActionMask = 2147483647;
			files = (
			);
			inputPaths = (
			);
			name = "[CP] Embed Pods Frameworks";
			outputPaths = (
			);
			runOnlyForDeploymentPostprocessing = 0;
			shellPath = /bin/sh;
			shellScript = "\"${SRCROOT}/Pods/Target Support Files/Pods-FirebaseAuthSample/Pods-FirebaseAuthSample-frameworks.sh\"\n";
			showEnvVarsInLog = 0;
		};
		5F0308844250BE4C307C8654 /* [CP] Copy Pods Resources */ = {
			isa = PBXShellScriptBuildPhase;
			buildActionMask = 2147483647;
			files = (
			);
			inputPaths = (
			);
			name = "[CP] Copy Pods Resources";
			outputPaths = (
			);
			runOnlyForDeploymentPostprocessing = 0;
			shellPath = /bin/sh;
			shellScript = "\"${SRCROOT}/Pods/Target Support Files/Pods-FirebaseAuthSample/Pods-FirebaseAuthSample-resources.sh\"\n";
			showEnvVarsInLog = 0;
		};
		BB7B62127C4A94B96AAA0448 /* [CP] Check Pods Manifest.lock */ = {
			isa = PBXShellScriptBuildPhase;
			buildActionMask = 2147483647;
			files = (
			);
			inputPaths = (
			);
			name = "[CP] Check Pods Manifest.lock";
			outputPaths = (
			);
			runOnlyForDeploymentPostprocessing = 0;
			shellPath = /bin/sh;
			shellScript = "diff \"${PODS_ROOT}/../Podfile.lock\" \"${PODS_ROOT}/Manifest.lock\" > /dev/null\nif [ $? != 0 ] ; then\n    # print error to STDERR\n    echo \"error: The sandbox is not in sync with the Podfile.lock. Run 'pod install' or update your CocoaPods installation.\" >&2\n    exit 1\nfi\n";
			showEnvVarsInLog = 0;
		};
/* End PBXShellScriptBuildPhase section */

/* Begin PBXSourcesBuildPhase section */
		59055D101FC573970004A040 /* Sources */ = {
			isa = PBXSourcesBuildPhase;
			buildActionMask = 2147483647;
			files = (
				59055D1A1FC573970004A040 /* ViewController.swift in Sources */,
				59055D181FC573970004A040 /* AppDelegate.swift in Sources */,
			);
			runOnlyForDeploymentPostprocessing = 0;
		};
/* End PBXSourcesBuildPhase section */

/* Begin PBXVariantGroup section */
		59055D1B1FC573970004A040 /* Main.storyboard */ = {
			isa = PBXVariantGroup;
			children = (
				59055D1C1FC573970004A040 /* Base */,
			);
			name = Main.storyboard;
			sourceTree = "<group>";
		};
		59055D201FC573970004A040 /* LaunchScreen.storyboard */ = {
			isa = PBXVariantGroup;
			children = (
				59055D211FC573970004A040 /* Base */,
			);
			name = LaunchScreen.storyboard;
			sourceTree = "<group>";
		};
/* End PBXVariantGroup section */

/* Begin XCBuildConfiguration section */
		59055D241FC573970004A040 /* Debug */ = {
			isa = XCBuildConfiguration;
			buildSettings = {
				ALWAYS_SEARCH_USER_PATHS = NO;
				CLANG_ANALYZER_NONNULL = YES;
				CLANG_ANALYZER_NUMBER_OBJECT_CONVERSION = YES_AGGRESSIVE;
				CLANG_CXX_LANGUAGE_STANDARD = "gnu++14";
				CLANG_CXX_LIBRARY = "libc++";
				CLANG_ENABLE_MODULES = YES;
				CLANG_ENABLE_OBJC_ARC = YES;
				CLANG_WARN_BLOCK_CAPTURE_AUTORELEASING = YES;
				CLANG_WARN_BOOL_CONVERSION = YES;
				CLANG_WARN_COMMA = YES;
				CLANG_WARN_CONSTANT_CONVERSION = YES;
				CLANG_WARN_DIRECT_OBJC_ISA_USAGE = YES_ERROR;
				CLANG_WARN_DOCUMENTATION_COMMENTS = YES;
				CLANG_WARN_EMPTY_BODY = YES;
				CLANG_WARN_ENUM_CONVERSION = YES;
				CLANG_WARN_INFINITE_RECURSION = YES;
				CLANG_WARN_INT_CONVERSION = YES;
				CLANG_WARN_NON_LITERAL_NULL_CONVERSION = YES;
				CLANG_WARN_OBJC_LITERAL_CONVERSION = YES;
				CLANG_WARN_OBJC_ROOT_CLASS = YES_ERROR;
				CLANG_WARN_RANGE_LOOP_ANALYSIS = YES;
				CLANG_WARN_STRICT_PROTOTYPES = YES;
				CLANG_WARN_SUSPICIOUS_MOVE = YES;
				CLANG_WARN_UNGUARDED_AVAILABILITY = YES_AGGRESSIVE;
				CLANG_WARN_UNREACHABLE_CODE = YES;
				CLANG_WARN__DUPLICATE_METHOD_MATCH = YES;
				CODE_SIGN_IDENTITY = "iPhone Developer";
				COPY_PHASE_STRIP = NO;
				DEBUG_INFORMATION_FORMAT = dwarf;
				ENABLE_STRICT_OBJC_MSGSEND = YES;
				ENABLE_TESTABILITY = YES;
				GCC_C_LANGUAGE_STANDARD = gnu11;
				GCC_DYNAMIC_NO_PIC = NO;
				GCC_NO_COMMON_BLOCKS = YES;
				GCC_OPTIMIZATION_LEVEL = 0;
				GCC_PREPROCESSOR_DEFINITIONS = (
					"DEBUG=1",
					"$(inherited)",
				);
				GCC_WARN_64_TO_32_BIT_CONVERSION = YES;
				GCC_WARN_ABOUT_RETURN_TYPE = YES_ERROR;
				GCC_WARN_UNDECLARED_SELECTOR = YES;
				GCC_WARN_UNINITIALIZED_AUTOS = YES_AGGRESSIVE;
				GCC_WARN_UNUSED_FUNCTION = YES;
				GCC_WARN_UNUSED_VARIABLE = YES;
				IPHONEOS_DEPLOYMENT_TARGET = 11.1;
				MTL_ENABLE_DEBUG_INFO = YES;
				ONLY_ACTIVE_ARCH = YES;
				SDKROOT = iphoneos;
				SWIFT_ACTIVE_COMPILATION_CONDITIONS = DEBUG;
				SWIFT_OPTIMIZATION_LEVEL = "-Onone";
			};
			name = Debug;
		};
		59055D251FC573970004A040 /* Release */ = {
			isa = XCBuildConfiguration;
			buildSettings = {
				ALWAYS_SEARCH_USER_PATHS = NO;
				CLANG_ANALYZER_NONNULL = YES;
				CLANG_ANALYZER_NUMBER_OBJECT_CONVERSION = YES_AGGRESSIVE;
				CLANG_CXX_LANGUAGE_STANDARD = "gnu++14";
				CLANG_CXX_LIBRARY = "libc++";
				CLANG_ENABLE_MODULES = YES;
				CLANG_ENABLE_OBJC_ARC = YES;
				CLANG_WARN_BLOCK_CAPTURE_AUTORELEASING = YES;
				CLANG_WARN_BOOL_CONVERSION = YES;
				CLANG_WARN_COMMA = YES;
				CLANG_WARN_CONSTANT_CONVERSION = YES;
				CLANG_WARN_DIRECT_OBJC_ISA_USAGE = YES_ERROR;
				CLANG_WARN_DOCUMENTATION_COMMENTS = YES;
				CLANG_WARN_EMPTY_BODY = YES;
				CLANG_WARN_ENUM_CONVERSION = YES;
				CLANG_WARN_INFINITE_RECURSION = YES;
				CLANG_WARN_INT_CONVERSION = YES;
				CLANG_WARN_NON_LITERAL_NULL_CONVERSION = YES;
				CLANG_WARN_OBJC_LITERAL_CONVERSION = YES;
				CLANG_WARN_OBJC_ROOT_CLASS = YES_ERROR;
				CLANG_WARN_RANGE_LOOP_ANALYSIS = YES;
				CLANG_WARN_STRICT_PROTOTYPES = YES;
				CLANG_WARN_SUSPICIOUS_MOVE = YES;
				CLANG_WARN_UNGUARDED_AVAILABILITY = YES_AGGRESSIVE;
				CLANG_WARN_UNREACHABLE_CODE = YES;
				CLANG_WARN__DUPLICATE_METHOD_MATCH = YES;
				CODE_SIGN_IDENTITY = "iPhone Developer";
				COPY_PHASE_STRIP = NO;
				DEBUG_INFORMATION_FORMAT = "dwarf-with-dsym";
				ENABLE_NS_ASSERTIONS = NO;
				ENABLE_STRICT_OBJC_MSGSEND = YES;
				GCC_C_LANGUAGE_STANDARD = gnu11;
				GCC_NO_COMMON_BLOCKS = YES;
				GCC_WARN_64_TO_32_BIT_CONVERSION = YES;
				GCC_WARN_ABOUT_RETURN_TYPE = YES_ERROR;
				GCC_WARN_UNDECLARED_SELECTOR = YES;
				GCC_WARN_UNINITIALIZED_AUTOS = YES_AGGRESSIVE;
				GCC_WARN_UNUSED_FUNCTION = YES;
				GCC_WARN_UNUSED_VARIABLE = YES;
				IPHONEOS_DEPLOYMENT_TARGET = 11.1;
				MTL_ENABLE_DEBUG_INFO = NO;
				SDKROOT = iphoneos;
				SWIFT_OPTIMIZATION_LEVEL = "-Owholemodule";
				VALIDATE_PRODUCT = YES;
			};
			name = Release;
		};
		59055D271FC573970004A040 /* Debug */ = {
			isa = XCBuildConfiguration;
			baseConfigurationReference = 9616186883BABE99D7BD1FA3 /* Pods-FirebaseAuthSample.debug.xcconfig */;
			buildSettings = {
				ASSETCATALOG_COMPILER_APPICON_NAME = AppIcon;
				CODE_SIGN_STYLE = Automatic;
				DEVELOPMENT_TEAM = ALT3589ELY;
				INFOPLIST_FILE = FirebaseAuthSample/Info.plist;
				LD_RUNPATH_SEARCH_PATHS = "$(inherited) @executable_path/Frameworks";
				PRODUCT_BUNDLE_IDENTIFIER = jp.mediaxis.FirebaseAuthSample;
				PRODUCT_NAME = "$(TARGET_NAME)";
				SWIFT_VERSION = 4.0;
				TARGETED_DEVICE_FAMILY = "1,2";
			};
			name = Debug;
		};
		59055D281FC573970004A040 /* Release */ = {
			isa = XCBuildConfiguration;
			baseConfigurationReference = 8135A1290DAD7D020845A517 /* Pods-FirebaseAuthSample.release.xcconfig */;
			buildSettings = {
				ASSETCATALOG_COMPILER_APPICON_NAME = AppIcon;
				CODE_SIGN_STYLE = Automatic;
				DEVELOPMENT_TEAM = ALT3589ELY;
				INFOPLIST_FILE = FirebaseAuthSample/Info.plist;
				LD_RUNPATH_SEARCH_PATHS = "$(inherited) @executable_path/Frameworks";
				PRODUCT_BUNDLE_IDENTIFIER = jp.mediaxis.FirebaseAuthSample;
				PRODUCT_NAME = "$(TARGET_NAME)";
				SWIFT_VERSION = 4.0;
				TARGETED_DEVICE_FAMILY = "1,2";
			};
			name = Release;
		};
/* End XCBuildConfiguration section */

/* Begin XCConfigurationList section */
		59055D0F1FC573970004A040 /* Build configuration list for PBXProject "FirebaseAuthSample" */ = {
			isa = XCConfigurationList;
			buildConfigurations = (
				59055D241FC573970004A040 /* Debug */,
				59055D251FC573970004A040 /* Release */,
			);
			defaultConfigurationIsVisible = 0;
			defaultConfigurationName = Release;
		};
		59055D261FC573970004A040 /* Build configuration list for PBXNativeTarget "FirebaseAuthSample" */ = {
			isa = XCConfigurationList;
			buildConfigurations = (
				59055D271FC573970004A040 /* Debug */,
				59055D281FC573970004A040 /* Release */,
			);
			defaultConfigurationIsVisible = 0;
			defaultConfigurationName = Release;
		};
/* End XCConfigurationList section */
	};
	rootObject = 59055D0C1FC573970004A040 /* Project object */;
}
